{
  "name": "react-notifications",
  "version": "1.4.3",
  "lockfileVersion": 1,
  "requires": true,
  "dependencies": {
    "acorn-jsx": {
      "version": "3.0.1",
      "resolved": "https://registry.npmjs.org/acorn-jsx/-/acorn-jsx-3.0.1.tgz",
      "integrity": "sha1-r9+UiPsezvyDSPb7IvRk4ypYs2s=",
      "dev": true,
      "dependencies": {
        "acorn": {
          "version": "3.3.0",
          "resolved": "https://registry.npmjs.org/acorn/-/acorn-3.3.0.tgz",
          "integrity": "sha1-ReN/s56No/JbruP/U2niu18iAXo="
        }
      }
    },
    "argparse": {
      "version": "1.0.9",
      "resolved": "https://registry.npmjs.org/argparse/-/argparse-1.0.9.tgz",
      "integrity": "sha1-c9g7wmP4bpf4zE9rrhsOkKfSLIY=",
      "dev": true
    },
    "autoprefixer": {
      "version": "7.1.1",
      "resolved": "https://registry.npmjs.org/autoprefixer/-/autoprefixer-7.1.1.tgz",
      "integrity": "sha1-l7yFTH0Ll5+NZIneVHoNF/swf20=",
      "dev": true
    },
    "babel-cli": {
      "version": "6.24.1",
      "resolved": "https://registry.npmjs.org/babel-cli/-/babel-cli-6.24.1.tgz",
      "integrity": "sha1-IHzXBbumFImy6kG1MSNBz2rKIoM=",
      "dev": true
    },
    "babel-code-frame": {
      "version": "6.22.0",
      "resolved": "https://registry.npmjs.org/babel-code-frame/-/babel-code-frame-6.22.0.tgz",
      "integrity": "sha1-AnYgvuVnqIwyVhV05/0IAdMxGOQ=",
      "dev": true
    },
    "babel-core": {
      "version": "6.25.0",
      "resolved": "https://registry.npmjs.org/babel-core/-/babel-core-6.25.0.tgz",
      "integrity": "sha1-fdQrBGPHQunVKW3rPsZ6kyLa1yk=",
      "dev": true
    },
    "babel-eslint": {
      "version": "7.2.3",
      "resolved": "https://registry.npmjs.org/babel-eslint/-/babel-eslint-7.2.3.tgz",
      "integrity": "sha1-sv4tgBJkcPXBlELcdXJTqJdxCCc=",
      "dev": true
    },
    "babel-loader": {
      "version": "7.0.0",
      "resolved": "https://registry.npmjs.org/babel-loader/-/babel-loader-7.0.0.tgz",
      "integrity": "sha1-LkOma+4f/0RwUz0EAsikUy+vuvc=",
      "dev": true
    },
    "babel-plugin-add-module-exports": {
      "version": "0.2.1",
      "resolved": "https://registry.npmjs.org/babel-plugin-add-module-exports/-/babel-plugin-add-module-exports-0.2.1.tgz",
      "integrity": "sha1-mumh9KjcZ/DN7E9K7aHkOl/2XiU=",
      "dev": true
    },
    "babel-plugin-transform-class-properties": {
      "version": "6.24.1",
      "resolved": "https://registry.npmjs.org/babel-plugin-transform-class-properties/-/babel-plugin-transform-class-properties-6.24.1.tgz",
      "integrity": "sha1-anl2PqYdM9NvN7YRqp3vgagbRqw=",
      "dev": true
    },
    "babel-plugin-transform-object-rest-spread": {
      "version": "6.23.0",
      "resolved": "https://registry.npmjs.org/babel-plugin-transform-object-rest-spread/-/babel-plugin-transform-object-rest-spread-6.23.0.tgz",
      "integrity": "sha1-h11ryb52HFiirj/u5dxIldjH+SE=",
      "dev": true
    },
    "babel-preset-env": {
      "version": "1.5.2",
      "resolved": "https://registry.npmjs.org/babel-preset-env/-/babel-preset-env-1.5.2.tgz",
      "integrity": "sha1-zUrpCm6Utwn5c3SzPl+LmDVWre8=",
      "dev": true
    },
    "babel-preset-react": {
      "version": "6.24.1",
      "resolved": "https://registry.npmjs.org/babel-preset-react/-/babel-preset-react-6.24.1.tgz",
      "integrity": "sha1-umnfrqRfw+xjm2pOzqbhdwLJE4A=",
      "dev": true
    },
    "bootstrap": {
      "version": "3.3.7",
      "resolved": "https://registry.npmjs.org/bootstrap/-/bootstrap-3.3.7.tgz",
      "integrity": "sha1-WjiTlFSfIzMIdaOxUGVldPip63E=",
      "dev": true
    },
    "camelcase": {
      "version": "4.1.0",
      "resolved": "https://registry.npmjs.org/camelcase/-/camelcase-4.1.0.tgz",
      "integrity": "sha1-1UVjW+HjPFQmScaRc+Xeas+uNN0=",
      "dev": true
    },
    "chardet": {
      "version": "0.4.2",
      "resolved": "https://registry.npmjs.org/chardet/-/chardet-0.4.2.tgz",
      "integrity": "sha1-tUc7M9yXxCTl2Y3IfVXU2KKci/I=",
      "dev": true
    },
    "classnames": {
      "version": "2.2.5",
      "resolved": "https://registry.npmjs.org/classnames/-/classnames-2.2.5.tgz",
      "integrity": "sha1-+zgB1FNGdknvNgPH1hoCvRKb3m0="
    },
    "clean-webpack-plugin": {
      "version": "0.1.16",
      "resolved": "https://registry.npmjs.org/clean-webpack-plugin/-/clean-webpack-plugin-0.1.16.tgz",
      "integrity": "sha1-QiqOFQvz1av9PRS/rLBw6A+y4j8=",
      "dev": true
    },
    "cli-width": {
      "version": "2.1.0",
      "resolved": "https://registry.npmjs.org/cli-width/-/cli-width-2.1.0.tgz",
      "integrity": "sha1-sjTKIJsp72b8UY2bmNWEewDt8Ao=",
      "dev": true
    },
    "co": {
      "version": "4.6.0",
      "resolved": "https://registry.npmjs.org/co/-/co-4.6.0.tgz",
      "integrity": "sha1-bqa989hTrlTMuOR7+gvz+QMfsYQ=",
      "dev": true
    },
    "color-convert": {
      "version": "1.9.0",
      "resolved": "https://registry.npmjs.org/color-convert/-/color-convert-1.9.0.tgz",
      "integrity": "sha1-Gsz5fdc5uYO/mU1W/sj5WFNkG3o=",
      "dev": true
    },
    "concat-stream": {
      "version": "1.6.0",
      "resolved": "https://registry.npmjs.org/concat-stream/-/concat-stream-1.6.0.tgz",
      "integrity": "sha1-CqxmL9Ur54lk1VMvaUeE5wEQrPc=",
      "dev": true
    },
    "cross-env": {
      "version": "4.0.0",
      "resolved": "https://registry.npmjs.org/cross-env/-/cross-env-4.0.0.tgz",
      "integrity": "sha1-Fgg4YtCCdaRiiwskOxIb7apV3YA=",
      "dev": true
    },
    "cross-spawn": {
      "version": "5.1.0",
      "resolved": "https://registry.npmjs.org/cross-spawn/-/cross-spawn-5.1.0.tgz",
      "integrity": "sha1-6L0O/uWPz/b4+UUQoKVUu/ojVEk=",
      "dev": true
    },
    "css-loader": {
      "version": "0.28.4",
      "resolved": "https://registry.npmjs.org/css-loader/-/css-loader-0.28.4.tgz",
      "integrity": "sha1-bPNXkZLONV6LONX0Ldeh8uyJjQ8=",
      "dev": true,
      "dependencies": {
        "postcss": {
          "version": "5.2.17",
          "resolved": "https://registry.npmjs.org/postcss/-/postcss-5.2.17.tgz",
          "integrity": "sha1-z09Ze4ZNZcikkrLqvp1wbIecOIs="
        }
      }
    },
    "cssnano": {
      "version": "3.10.0",
      "resolved": "https://registry.npmjs.org/cssnano/-/cssnano-3.10.0.tgz",
      "integrity": "sha1-Tzj2zqK5sX+gFJDyPx3GjqZcHDg=",
      "dev": true,
      "dependencies": {
        "autoprefixer": {
          "version": "6.7.7",
          "resolved": "https://registry.npmjs.org/autoprefixer/-/autoprefixer-6.7.7.tgz",
          "integrity": "sha1-Hb0cg1ZY41zj+ZhAmdsAWFx4IBQ="
        },
        "browserslist": {
          "version": "1.7.7",
          "resolved": "https://registry.npmjs.org/browserslist/-/browserslist-1.7.7.tgz",
          "integrity": "sha1-C9dnBCWL6CmyOYu1Dkti0aFmsLk="
        },
        "postcss": {
          "version": "5.2.17",
          "resolved": "https://registry.npmjs.org/postcss/-/postcss-5.2.17.tgz",
          "integrity": "sha1-z09Ze4ZNZcikkrLqvp1wbIecOIs="
        }
      }
    },
    "del": {
      "version": "3.0.0",
      "resolved": "https://registry.npmjs.org/del/-/del-3.0.0.tgz",
      "integrity": "sha1-U+z2mf/LyzljdpGrE7rxYIGXZuU=",
      "dev": true
    },
    "escape-string-regexp": {
      "version": "1.0.5",
      "resolved": "https://registry.npmjs.org/escape-string-regexp/-/escape-string-regexp-1.0.5.tgz",
      "integrity": "sha1-G2HAViGQqN/2rjuyzwIAyhMLhtQ=",
      "dev": true
    },
    "eslint": {
      "version": "4.18.2",
      "resolved": "https://registry.npmjs.org/eslint/-/eslint-4.18.2.tgz",
      "integrity": "sha512-qy4i3wODqKMYfz9LUI8N2qYDkHkoieTbiHpMrYUI/WbjhXJQr7lI4VngixTgaG+yHX+NBCv7nW4hA0ShbvaNKw==",
      "dev": true,
      "requires": {
        "ajv": "^5.3.0",
        "babel-code-frame": "^6.22.0",
        "chalk": "^2.1.0",
        "concat-stream": "^1.6.0",
        "cross-spawn": "^5.1.0",
        "debug": "^3.1.0",
        "doctrine": "^2.1.0",
        "eslint-scope": "^3.7.1",
        "eslint-visitor-keys": "^1.0.0",
        "espree": "^3.5.2",
        "esquery": "^1.0.0",
        "esutils": "^2.0.2",
        "file-entry-cache": "^2.0.0",
        "functional-red-black-tree": "^1.0.1",
        "glob": "^7.1.2",
        "globals": "^11.0.1",
        "ignore": "^3.3.3",
        "imurmurhash": "^0.1.4",
        "inquirer": "^3.0.6",
        "is-resolvable": "^1.0.0",
        "js-yaml": "^3.9.1",
        "json-stable-stringify-without-jsonify": "^1.0.1",
        "levn": "^0.3.0",
        "lodash": "^4.17.4",
        "minimatch": "^3.0.2",
        "mkdirp": "^0.5.1",
        "natural-compare": "^1.4.0",
        "optionator": "^0.8.2",
        "path-is-inside": "^1.0.2",
        "pluralize": "^7.0.0",
        "progress": "^2.0.0",
        "require-uncached": "^1.0.3",
        "semver": "^5.3.0",
        "strip-ansi": "^4.0.0",
        "strip-json-comments": "~2.0.1",
        "table": "4.0.2",
        "text-table": "~0.2.0"
      },
      "dependencies": {
        "acorn": {
          "version": "5.7.3",
          "resolved": "https://registry.npmjs.org/acorn/-/acorn-5.7.3.tgz",
          "integrity": "sha512-T/zvzYRfbVojPWahDsE5evJdHb3oJoQfFbsrKM7w5Zcs++Tr257tia3BmMP8XYVjp1S9RZXQMh7gao96BlqZOw==",
          "dev": true
        },
        "ajv": {
          "version": "5.5.2",
          "resolved": "https://registry.npmjs.org/ajv/-/ajv-5.5.2.tgz",
          "integrity": "sha1-c7Xuyj+rZT49P5Qis0GtQiBdyWU=",
          "dev": true,
          "requires": {
            "co": "^4.6.0",
            "fast-deep-equal": "^1.0.0",
            "fast-json-stable-stringify": "^2.0.0",
            "json-schema-traverse": "^0.3.0"
          }
        },
        "ajv-keywords": {
          "version": "2.1.1",
          "resolved": "https://registry.npmjs.org/ajv-keywords/-/ajv-keywords-2.1.1.tgz",
          "integrity": "sha1-YXmX/F9gV2iUxDX5QNgZ4TW4B2I=",
          "dev": true
        },
        "ansi-escapes": {
          "version": "3.2.0",
          "resolved": "https://registry.npmjs.org/ansi-escapes/-/ansi-escapes-3.2.0.tgz",
          "integrity": "sha512-cBhpre4ma+U0T1oM5fXg7Dy1Jw7zzwv7lt/GoCpr+hDQJoYnKVPLL4dCvSEFMmQurOQvSrwT7SL/DAlhBI97RQ==",
          "dev": true
        },
        "ansi-regex": {
          "version": "3.0.0",
          "resolved": "https://registry.npmjs.org/ansi-regex/-/ansi-regex-3.0.0.tgz",
          "integrity": "sha1-7QMXwyIGT3lGbAKWa922Bas32Zg=",
          "dev": true
        },
        "ansi-styles": {
          "version": "3.2.1",
          "resolved": "https://registry.npmjs.org/ansi-styles/-/ansi-styles-3.2.1.tgz",
          "integrity": "sha512-VT0ZI6kZRdTh8YyJw3SMbYm/u+NqfsAxEpWO0Pf9sq8/e94WxxOpPKx9FR1FlyCtOVDNOQ+8ntlqFxiRc+r5qA==",
          "dev": true,
          "requires": {
            "color-convert": "^1.9.0"
          }
        },
        "chalk": {
          "version": "2.4.2",
          "resolved": "https://registry.npmjs.org/chalk/-/chalk-2.4.2.tgz",
          "integrity": "sha512-Mti+f9lpJNcwF4tWV8/OrTTtF1gZi+f8FqlyAdouralcFWFQWF2+NgCHShjkCb+IFBLq9buZwE1xckQU4peSuQ==",
          "dev": true,
          "requires": {
            "ansi-styles": "^3.2.1",
            "escape-string-regexp": "^1.0.5",
            "supports-color": "^5.3.0"
          }
        },
        "cli-cursor": {
          "version": "2.1.0",
          "resolved": "https://registry.npmjs.org/cli-cursor/-/cli-cursor-2.1.0.tgz",
          "integrity": "sha1-s12sN2R5+sw+lHR9QdDQ9SOP/LU=",
          "dev": true,
          "requires": {
            "restore-cursor": "^2.0.0"
          }
        },
        "debug": {
          "version": "3.2.6",
          "resolved": "https://registry.npmjs.org/debug/-/debug-3.2.6.tgz",
          "integrity": "sha512-mel+jf7nrtEl5Pn1Qx46zARXKDpBbvzezse7p7LqINmdoIk8PYP5SySaxEmYv6TZ0JyEKA1hsCId6DIhgITtWQ==",
          "dev": true,
          "requires": {
            "ms": "^2.1.1"
          }
        },
        "doctrine": {
          "version": "2.1.0",
          "resolved": "https://registry.npmjs.org/doctrine/-/doctrine-2.1.0.tgz",
          "integrity": "sha512-35mSku4ZXK0vfCuHEDAwt55dg2jNajHZ1odvF+8SSr82EsZY4QmXfuWso8oEd8zRhVObSN18aM0CjSdoBX7zIw==",
          "dev": true,
          "requires": {
            "esutils": "^2.0.2"
          }
        },
        "espree": {
          "version": "3.5.4",
          "resolved": "https://registry.npmjs.org/espree/-/espree-3.5.4.tgz",
          "integrity": "sha512-yAcIQxtmMiB/jL32dzEp2enBeidsB7xWPLNiw3IIkpVds1P+h7qF9YwJq1yUNzp2OKXgAprs4F61ih66UsoD1A==",
          "dev": true,
          "requires": {
            "acorn": "^5.5.0",
            "acorn-jsx": "^3.0.0"
          }
        },
        "esprima": {
          "version": "4.0.1",
          "resolved": "https://registry.npmjs.org/esprima/-/esprima-4.0.1.tgz",
          "integrity": "sha512-eGuFFw7Upda+g4p+QHvnW0RyTX/SVeJBDM/gCtMARO0cLuT2HcEKnTPvhjV6aGeqrCB/sbNop0Kszm0jsaWU4A==",
          "dev": true
        },
        "figures": {
          "version": "2.0.0",
          "resolved": "https://registry.npmjs.org/figures/-/figures-2.0.0.tgz",
          "integrity": "sha1-OrGi0qYsi/tDGgyUy3l6L84nyWI=",
          "dev": true,
          "requires": {
            "escape-string-regexp": "^1.0.5"
          }
        },
        "globals": {
          "version": "11.12.0",
          "resolved": "https://registry.npmjs.org/globals/-/globals-11.12.0.tgz",
          "integrity": "sha512-WOBp/EEGUiIsJSp7wcv/y6MO+lV9UoncWqxuFfm8eBwzWNgyfBd6Gz+IeKQ9jCmyhoH99g15M3T+QaVHFjizVA==",
          "dev": true
        },
        "has-flag": {
          "version": "3.0.0",
          "resolved": "https://registry.npmjs.org/has-flag/-/has-flag-3.0.0.tgz",
          "integrity": "sha1-tdRU3CGZriJWmfNGfloH87lVuv0=",
          "dev": true
        },
        "inquirer": {
          "version": "3.3.0",
          "resolved": "https://registry.npmjs.org/inquirer/-/inquirer-3.3.0.tgz",
          "integrity": "sha512-h+xtnyk4EwKvFWHrUYsWErEVR+igKtLdchu+o0Z1RL7VU/jVMFbYir2bp6bAj8efFNxWqHX0dIss6fJQ+/+qeQ==",
          "dev": true,
          "requires": {
            "ansi-escapes": "^3.0.0",
            "chalk": "^2.0.0",
            "cli-cursor": "^2.1.0",
            "cli-width": "^2.0.0",
            "external-editor": "^2.0.4",
            "figures": "^2.0.0",
            "lodash": "^4.3.0",
            "mute-stream": "0.0.7",
            "run-async": "^2.2.0",
            "rx-lite": "^4.0.8",
            "rx-lite-aggregates": "^4.0.8",
            "string-width": "^2.1.0",
            "strip-ansi": "^4.0.0",
            "through": "^2.3.6"
          }
        },
        "is-fullwidth-code-point": {
          "version": "2.0.0",
          "resolved": "https://registry.npmjs.org/is-fullwidth-code-point/-/is-fullwidth-code-point-2.0.0.tgz",
          "integrity": "sha1-o7MKXE8ZkYMWeqq5O+764937ZU8=",
          "dev": true
        },
        "js-yaml": {
          "version": "3.13.1",
          "resolved": "https://registry.npmjs.org/js-yaml/-/js-yaml-3.13.1.tgz",
          "integrity": "sha512-YfbcO7jXDdyj0DGxYVSlSeQNHbD7XPWvrVWeVUujrQEoZzWJIRrCPoyk6kL6IAjAG2IolMK4T0hNUe0HOUs5Jw==",
          "dev": true,
          "requires": {
            "argparse": "^1.0.7",
            "esprima": "^4.0.0"
          }
        },
        "ms": {
          "version": "2.1.2",
          "resolved": "https://registry.npmjs.org/ms/-/ms-2.1.2.tgz",
          "integrity": "sha512-sGkPx+VjMtmA6MX27oA4FBFELFCZZ4S4XqeGOXCv68tT+jb3vk/RyaKWP0PTKyWtmLSM0b+adUTEvbs1PEaH2w==",
          "dev": true
        },
        "mute-stream": {
          "version": "0.0.7",
          "resolved": "https://registry.npmjs.org/mute-stream/-/mute-stream-0.0.7.tgz",
          "integrity": "sha1-MHXOk7whuPq0PhvE2n6BFe0ee6s=",
          "dev": true
        },
        "onetime": {
          "version": "2.0.1",
          "resolved": "https://registry.npmjs.org/onetime/-/onetime-2.0.1.tgz",
          "integrity": "sha1-BnQoIw/WdEOyeUsiu6UotoZ5YtQ=",
          "dev": true,
          "requires": {
            "mimic-fn": "^1.0.0"
          }
        },
        "pluralize": {
          "version": "7.0.0",
          "resolved": "https://registry.npmjs.org/pluralize/-/pluralize-7.0.0.tgz",
          "integrity": "sha512-ARhBOdzS3e41FbkW/XWrTEtukqqLoK5+Z/4UeDaLuSW+39JPeFgs4gCGqsrJHVZX0fUrx//4OF0K1CUGwlIFow==",
          "dev": true
        },
        "progress": {
          "version": "2.0.3",
          "resolved": "https://registry.npmjs.org/progress/-/progress-2.0.3.tgz",
          "integrity": "sha512-7PiHtLll5LdnKIMw100I+8xJXR5gW2QwWYkT6iJva0bXitZKa/XMrSbdmg3r2Xnaidz9Qumd0VPaMrZlF9V9sA==",
          "dev": true
        },
        "restore-cursor": {
          "version": "2.0.0",
          "resolved": "https://registry.npmjs.org/restore-cursor/-/restore-cursor-2.0.0.tgz",
          "integrity": "sha1-n37ih/gv0ybU/RYpI9YhKe7g368=",
          "dev": true,
          "requires": {
            "onetime": "^2.0.0",
            "signal-exit": "^3.0.2"
          }
        },
        "run-async": {
          "version": "2.3.0",
          "resolved": "https://registry.npmjs.org/run-async/-/run-async-2.3.0.tgz",
          "integrity": "sha1-A3GrSuC91yDUFm19/aZP96RFpsA=",
          "dev": true,
          "requires": {
            "is-promise": "^2.1.0"
          }
        },
        "rx-lite": {
          "version": "4.0.8",
          "resolved": "https://registry.npmjs.org/rx-lite/-/rx-lite-4.0.8.tgz",
          "integrity": "sha1-Cx4Rr4vESDbwSmQH6S2kJGe3lEQ=",
          "dev": true
        },
        "slice-ansi": {
          "version": "1.0.0",
          "resolved": "https://registry.npmjs.org/slice-ansi/-/slice-ansi-1.0.0.tgz",
          "integrity": "sha512-POqxBK6Lb3q6s047D/XsDVNPnF9Dl8JSaqe9h9lURl0OdNqy/ujDrOiIHtsqXMGbWWTIomRzAMaTyawAU//Reg==",
          "dev": true,
          "requires": {
            "is-fullwidth-code-point": "^2.0.0"
          }
        },
        "string-width": {
          "version": "2.1.1",
          "resolved": "https://registry.npmjs.org/string-width/-/string-width-2.1.1.tgz",
          "integrity": "sha512-nOqH59deCq9SRHlxq1Aw85Jnt4w6KvLKqWVik6oA9ZklXLNIOlqg4F2yrT1MVaTjAqvVwdfeZ7w7aCvJD7ugkw==",
          "dev": true,
          "requires": {
            "is-fullwidth-code-point": "^2.0.0",
            "strip-ansi": "^4.0.0"
          }
        },
        "strip-ansi": {
          "version": "4.0.0",
          "resolved": "https://registry.npmjs.org/strip-ansi/-/strip-ansi-4.0.0.tgz",
          "integrity": "sha1-qEeQIusaw2iocTibY1JixQXuNo8=",
          "dev": true,
          "requires": {
            "ansi-regex": "^3.0.0"
          }
        },
        "supports-color": {
          "version": "5.5.0",
          "resolved": "https://registry.npmjs.org/supports-color/-/supports-color-5.5.0.tgz",
          "integrity": "sha512-QjVjwdXIt408MIiAqCX4oUKsgU2EqAGzs2Ppkm4aQYbjm+ZEWEcW4SfFNTr4uMNZma0ey4f5lgLrkB0aX0QMow==",
          "dev": true,
          "requires": {
            "has-flag": "^3.0.0"
          }
        },
        "table": {
          "version": "4.0.2",
          "resolved": "https://registry.npmjs.org/table/-/table-4.0.2.tgz",
          "integrity": "sha512-UUkEAPdSGxtRpiV9ozJ5cMTtYiqz7Ni1OGqLXRCynrvzdtR1p+cfOWe2RJLwvUG8hNanaSRjecIqwOjqeatDsA==",
          "dev": true,
          "requires": {
            "ajv": "^5.2.3",
            "ajv-keywords": "^2.1.0",
            "chalk": "^2.1.0",
            "lodash": "^4.17.4",
            "slice-ansi": "1.0.0",
            "string-width": "^2.1.1"
          }
        }
      }
    },
    "eslint-config-airbnb": {
      "version": "15.0.1",
      "resolved": "https://registry.npmjs.org/eslint-config-airbnb/-/eslint-config-airbnb-15.0.1.tgz",
      "integrity": "sha1-e1GI5bfHS5ss5jn9Xh2rqP12Gu0=",
      "dev": true
    },
    "eslint-loader": {
      "version": "1.8.0",
      "resolved": "https://registry.npmjs.org/eslint-loader/-/eslint-loader-1.8.0.tgz",
      "integrity": "sha512-+d9me9y9t+/k1pY5hsorY685H3yYoQT0t5pZT1TGB7L46VOoLv8+3uKHvkjpUx1aCTjeacbj4yz4s5/LcGolpg==",
      "dev": true,
      "dependencies": {
        "rimraf": {
          "version": "2.6.1",
          "resolved": "https://registry.npmjs.org/rimraf/-/rimraf-2.6.1.tgz",
          "integrity": "sha1-wjOOxkPfeht/5cVPqG9XQopV8z0="
        }
      }
    },
    "eslint-plugin-import": {
      "version": "2.3.0",
      "resolved": "https://registry.npmjs.org/eslint-plugin-import/-/eslint-plugin-import-2.3.0.tgz",
      "integrity": "sha1-N8gB4K2g4pbL3yDD85OstbUq82s=",
      "dev": true,
      "dependencies": {
        "doctrine": {
          "version": "1.5.0",
          "resolved": "https://registry.npmjs.org/doctrine/-/doctrine-1.5.0.tgz",
          "integrity": "sha1-N53Ocw9hZvds76TmcHoVmwLFpvo="
        }
      }
    },
    "eslint-plugin-jsx-a11y": {
      "version": "5.0.3",
      "resolved": "https://registry.npmjs.org/eslint-plugin-jsx-a11y/-/eslint-plugin-jsx-a11y-5.0.3.tgz",
      "integrity": "sha1-SpOfduwSUBBSiCMzG/lIzFczgLY=",
      "dev": true
    },
    "eslint-plugin-react": {
      "version": "7.1.0",
      "resolved": "https://registry.npmjs.org/eslint-plugin-react/-/eslint-plugin-react-7.1.0.tgz",
      "integrity": "sha1-J3cKzzn1/UnNCvQIPOWBBOs5DUw=",
      "dev": true
    },
    "eslint-scope": {
      "version": "3.7.3",
      "resolved": "https://registry.npmjs.org/eslint-scope/-/eslint-scope-3.7.3.tgz",
      "integrity": "sha512-W+B0SvF4gamyCTmUc+uITPY0989iXVfKvhwtmJocTaYoc/3khEHmEmvfY/Gn9HA9VV75jrQECsHizkNw1b68FA==",
      "dev": true,
      "requires": {
        "esrecurse": "^4.1.0",
        "estraverse": "^4.1.1"
      }
    },
    "eslint-visitor-keys": {
      "version": "1.0.0",
      "resolved": "https://registry.npmjs.org/eslint-visitor-keys/-/eslint-visitor-keys-1.0.0.tgz",
      "integrity": "sha512-qzm/XxIbxm/FHyH341ZrbnMUpe+5Bocte9xkmFMzPMjRaZMcXww+MpBptFvtU+79L362nqiLhekCxCxDPaUMBQ==",
      "dev": true
    },
    "esquery": {
      "version": "1.0.0",
      "resolved": "https://registry.npmjs.org/esquery/-/esquery-1.0.0.tgz",
      "integrity": "sha1-z7qLV9f7qT8XKYqKAGoEzaE9gPo=",
      "dev": true
    },
    "esrecurse": {
      "version": "4.1.0",
      "resolved": "https://registry.npmjs.org/esrecurse/-/esrecurse-4.1.0.tgz",
      "integrity": "sha1-RxO2U2rffyrE8yfVWed1a/9kgiA=",
      "dev": true,
      "dependencies": {
        "estraverse": {
          "version": "4.1.1",
          "resolved": "https://registry.npmjs.org/estraverse/-/estraverse-4.1.1.tgz",
          "integrity": "sha1-9srKcokzqFDvkGYdDheYK6RxEaI="
        }
      }
    },
    "estraverse": {
      "version": "4.2.0",
      "resolved": "https://registry.npmjs.org/estraverse/-/estraverse-4.2.0.tgz",
      "integrity": "sha1-De4/7TH81GlhjOc0IJn8GvoL2xM=",
      "dev": true
    },
    "esutils": {
      "version": "2.0.2",
      "resolved": "https://registry.npmjs.org/esutils/-/esutils-2.0.2.tgz",
      "integrity": "sha1-Cr9PHKpbyx96nYrMbepPqqBLrJs=",
      "dev": true
    },
    "express": {
      "version": "4.15.3",
      "resolved": "https://registry.npmjs.org/express/-/express-4.15.3.tgz",
      "integrity": "sha1-urZdDwOqgMNYQIly/HAPkWlEtmI=",
      "dev": true,
      "dependencies": {
        "debug": {
          "version": "2.6.7",
          "resolved": "https://registry.npmjs.org/debug/-/debug-2.6.7.tgz",
          "integrity": "sha1-krrR9tBbu2u6Isyoi80OyJTChh4="
        }
      }
    },
    "external-editor": {
      "version": "2.2.0",
      "resolved": "https://registry.npmjs.org/external-editor/-/external-editor-2.2.0.tgz",
      "integrity": "sha512-bSn6gvGxKt+b7+6TKEv1ZycHleA7aHhRHyAqJyp5pbUFuYYNIzpZnQDk7AsYckyWdEnTeAnay0aCy2aV6iTk9A==",
      "dev": true,
      "requires": {
        "chardet": "^0.4.0",
        "iconv-lite": "^0.4.17",
        "tmp": "^0.0.33"
      }
    },
    "extract-text-webpack-plugin": {
      "version": "2.1.2",
      "resolved": "https://registry.npmjs.org/extract-text-webpack-plugin/-/extract-text-webpack-plugin-2.1.2.tgz",
      "integrity": "sha1-dW7076gVXDaBgz+8NNpTuUF0bWw=",
      "dev": true
    },
    "fast-deep-equal": {
      "version": "1.1.0",
      "resolved": "https://registry.npmjs.org/fast-deep-equal/-/fast-deep-equal-1.1.0.tgz",
      "integrity": "sha1-wFNHeBfIa1HaqFPIHgWbcz0CNhQ=",
      "dev": true
    },
    "fast-json-stable-stringify": {
      "version": "2.0.0",
      "resolved": "https://registry.npmjs.org/fast-json-stable-stringify/-/fast-json-stable-stringify-2.0.0.tgz",
      "integrity": "sha1-1RQsDK7msRifh9OnYREGT4bIu/I=",
      "dev": true
    },
    "file-entry-cache": {
      "version": "2.0.0",
      "resolved": "https://registry.npmjs.org/file-entry-cache/-/file-entry-cache-2.0.0.tgz",
      "integrity": "sha1-w5KZDD5oR4PYOLjISkXYoEhFg2E=",
      "dev": true
    },
    "file-loader": {
      "version": "0.11.2",
      "resolved": "https://registry.npmjs.org/file-loader/-/file-loader-0.11.2.tgz",
      "integrity": "sha512-N+uhF3mswIFeziHQjGScJ/yHXYt3DiLBeC+9vWW+WjUBiClMSOlV1YrXQi+7KM2aA3Rn4Bybgv+uXFQbfkzpvg==",
      "dev": true
    },
    "flux": {
      "version": "3.1.2",
      "resolved": "https://registry.npmjs.org/flux/-/flux-3.1.2.tgz",
      "integrity": "sha1-jBcK3flbjLL+uz3dZAqj4kUFdi8=",
      "dev": true
    },
    "functional-red-black-tree": {
      "version": "1.0.1",
      "resolved": "https://registry.npmjs.org/functional-red-black-tree/-/functional-red-black-tree-1.0.1.tgz",
      "integrity": "sha1-GwqzvVU7Kg1jmdKcDj6gslIHgyc=",
      "dev": true
    },
    "glob": {
      "version": "7.1.2",
      "resolved": "https://registry.npmjs.org/glob/-/glob-7.1.2.tgz",
      "integrity": "sha512-MJTUg1kjuLeQCJ+ccE4Vpa6kKVXkPYJ2mOCQyUuKLcLQsdrMCpBPUi8qVE6+YuaJkozeA9NusTAw3hLr8Xe5EQ==",
      "dev": true
    },
    "globby": {
      "version": "6.1.0",
      "resolved": "https://registry.npmjs.org/globby/-/globby-6.1.0.tgz",
      "integrity": "sha1-9abXDoOV4hyFj7BInWTfAkJNUGw=",
      "dev": true,
      "dependencies": {
        "pify": {
          "version": "2.3.0",
          "resolved": "https://registry.npmjs.org/pify/-/pify-2.3.0.tgz",
          "integrity": "sha1-7RQaasBDqEnqWISY59yosVMw6Qw="
        }
      }
    },
    "gulp": {
      "version": "3.9.1",
      "resolved": "https://registry.npmjs.org/gulp/-/gulp-3.9.1.tgz",
      "integrity": "sha1-VxzkWSjdQK9lFPxAEYZgFsE4RbQ=",
      "dev": true,
      "dependencies": {
        "minimist": {
          "version": "1.2.0",
          "resolved": "https://registry.npmjs.org/minimist/-/minimist-1.2.0.tgz",
          "integrity": "sha1-o1AIsg9BOD7sH7kU9M1d95omQoQ="
        },
        "semver": {
          "version": "4.3.6",
          "resolved": "https://registry.npmjs.org/semver/-/semver-4.3.6.tgz",
          "integrity": "sha1-MAvG4OhjdPe6YQaLWx7NV/xlMto="
        }
      }
    },
    "gulp-babel": {
      "version": "6.1.2",
      "resolved": "https://registry.npmjs.org/gulp-babel/-/gulp-babel-6.1.2.tgz",
      "integrity": "sha1-fAF25Lo/JExgWIoMSzIKRdGt784=",
      "dev": true
    },
    "gulp-concat": {
      "version": "2.6.1",
      "resolved": "https://registry.npmjs.org/gulp-concat/-/gulp-concat-2.6.1.tgz",
      "integrity": "sha1-Yz0WyV2IUEYorQJmVmPO5aR5M1M=",
      "dev": true,
      "dependencies": {
        "clone-stats": {
          "version": "1.0.0",
          "resolved": "https://registry.npmjs.org/clone-stats/-/clone-stats-1.0.0.tgz",
          "integrity": "sha1-s3gt/4u1R04Yuba/D9/ngvh3doA="
        },
        "replace-ext": {
          "version": "1.0.0",
          "resolved": "https://registry.npmjs.org/replace-ext/-/replace-ext-1.0.0.tgz",
          "integrity": "sha1-3mMSg3P8v3w8z6TeWkgMRaZ5WOs="
        },
        "vinyl": {
          "version": "2.0.2",
          "resolved": "https://registry.npmjs.org/vinyl/-/vinyl-2.0.2.tgz",
          "integrity": "sha1-CjcT2NTpIhxY8QyhbAEWyeJe2nw="
        }
      }
    },
    "gulp-postcss": {
      "version": "7.0.0",
      "resolved": "https://registry.npmjs.org/gulp-postcss/-/gulp-postcss-7.0.0.tgz",
      "integrity": "sha1-z7YqGfqUf4vmfOnsronOuVnwz5M=",
      "dev": true
    },
    "gulp-sass": {
      "version": "3.1.0",
      "resolved": "https://registry.npmjs.org/gulp-sass/-/gulp-sass-3.1.0.tgz",
      "integrity": "sha1-U9xLaKH13f5EJKtMJHZVJpqLdLc=",
      "dev": true
    },
    "html-webpack-plugin": {
      "version": "2.28.0",
      "resolved": "https://registry.npmjs.org/html-webpack-plugin/-/html-webpack-plugin-2.28.0.tgz",
      "integrity": "sha1-LnhjtX5f1I/iYzA+L/yTTDBk0Ak=",
      "dev": true,
      "dependencies": {
        "loader-utils": {
          "version": "0.2.17",
          "resolved": "https://registry.npmjs.org/loader-utils/-/loader-utils-0.2.17.tgz",
          "integrity": "sha1-+G5jdNQyBabmxg6RlvF8Apm/s0g="
        }
      }
    },
    "http-proxy": {
      "version": "1.16.2",
      "resolved": "https://registry.npmjs.org/http-proxy/-/http-proxy-1.16.2.tgz",
      "integrity": "sha1-Bt/ykpUr9k2+hHH6nfcwZtTzd0I=",
      "dev": true
    },
    "iconv-lite": {
      "version": "0.4.18",
      "resolved": "https://registry.npmjs.org/iconv-lite/-/iconv-lite-0.4.18.tgz",
      "integrity": "sha512-sr1ZQph3UwHTR0XftSbK85OvBbxe/abLGzEnPENCQwmHf7sck8Oyu4ob3LgBxWWxRoM+QszeUyl7jbqapu2TqA==",
      "dev": true
    },
    "ignore": {
      "version": "3.3.3",
      "resolved": "https://registry.npmjs.org/ignore/-/ignore-3.3.3.tgz",
      "integrity": "sha1-QyNS5XrM2HqzEQ6C0/6g5HgSFW0=",
      "dev": true
    },
    "imurmurhash": {
      "version": "0.1.4",
      "resolved": "https://registry.npmjs.org/imurmurhash/-/imurmurhash-0.1.4.tgz",
      "integrity": "sha1-khi5srkoojixPcT7a21XbyMUU+o=",
      "dev": true
    },
    "is-promise": {
      "version": "2.1.0",
      "resolved": "https://registry.npmjs.org/is-promise/-/is-promise-2.1.0.tgz",
      "integrity": "sha1-eaKp7OfwlugPNtKy87wWwf9L8/o=",
      "dev": true
    },
    "is-resolvable": {
      "version": "1.0.0",
      "resolved": "https://registry.npmjs.org/is-resolvable/-/is-resolvable-1.0.0.tgz",
      "integrity": "sha1-jfV8YeouPFAUCNEA+wE8+NbgzGI=",
      "dev": true
    },
    "json-schema-traverse": {
      "version": "0.3.1",
      "resolved": "https://registry.npmjs.org/json-schema-traverse/-/json-schema-traverse-0.3.1.tgz",
      "integrity": "sha1-NJptRMU6Ud6JtAgFxdXlm0F9M0A=",
      "dev": true
    },
    "json-stable-stringify-without-jsonify": {
      "version": "1.0.1",
      "resolved": "https://registry.npmjs.org/json-stable-stringify-without-jsonify/-/json-stable-stringify-without-jsonify-1.0.1.tgz",
      "integrity": "sha1-nbe1lJatPzz+8wp1FC0tkwrXJlE=",
      "dev": true
    },
    "levn": {
      "version": "0.3.0",
      "resolved": "https://registry.npmjs.org/levn/-/levn-0.3.0.tgz",
      "integrity": "sha1-OwmSTt+fCDwEkP3UwLxEIeBHZO4=",
      "dev": true
    },
    "lodash": {
      "version": "4.17.4",
      "resolved": "https://registry.npmjs.org/lodash/-/lodash-4.17.4.tgz",
      "integrity": "sha1-eCA6TRwyiuHYbcpkYONptX9AVa4=",
      "dev": true
    },
    "mimic-fn": {
      "version": "1.2.0",
      "resolved": "https://registry.npmjs.org/mimic-fn/-/mimic-fn-1.2.0.tgz",
      "integrity": "sha512-jf84uxzwiuiIVKiOLpfYk7N46TSy8ubTonmneY9vrpHNAnp0QBt2BxWV9dO3/j+BoVAb+a5G6YDPW3M5HOdMWQ==",
      "dev": true
    },
    "minimatch": {
      "version": "3.0.4",
      "resolved": "https://registry.npmjs.org/minimatch/-/minimatch-3.0.4.tgz",
      "integrity": "sha512-yJHVQEhyqPLUTgt9B83PXu6W3rx4MvvHvSUvToogpwoGDOUQ+yDrR0HRot+yOCdCO7u4hX3pWft6kWBBcqh0UA==",
      "dev": true
    },
    "mkdirp": {
      "version": "0.5.1",
      "resolved": "https://registry.npmjs.org/mkdirp/-/mkdirp-0.5.1.tgz",
      "integrity": "sha1-MAV0OOrGz3+MR2fzhkjWaX11yQM=",
      "dev": true
    },
    "natural-compare": {
      "version": "1.4.0",
      "resolved": "https://registry.npmjs.org/natural-compare/-/natural-compare-1.4.0.tgz",
      "integrity": "sha1-Sr6/7tdUHywnrPspvbvRXI1bpPc=",
      "dev": true
    },
    "node-sass": {
      "version": "4.5.3",
      "resolved": "https://registry.npmjs.org/node-sass/-/node-sass-4.5.3.tgz",
      "integrity": "sha1-0JydEXlkEjnRuX/8YjH9zsU+FWg=",
      "dev": true,
      "dependencies": {
        "cross-spawn": {
          "version": "3.0.1",
          "resolved": "https://registry.npmjs.org/cross-spawn/-/cross-spawn-3.0.1.tgz",
          "integrity": "sha1-ElYDfsufDF9549bvE14wdwGEuYI="
        },
        "gaze": {
          "version": "1.1.2",
          "resolved": "https://registry.npmjs.org/gaze/-/gaze-1.1.2.tgz",
          "integrity": "sha1-hHIkZ3rbiHDWeSV+0ziP22HkAQU="
        },
        "globule": {
          "version": "1.2.0",
          "resolved": "https://registry.npmjs.org/globule/-/globule-1.2.0.tgz",
          "integrity": "sha1-HcScaCLdnoovoAuiopUAboZkvQk="
        }
      }
    },
    "optionator": {
      "version": "0.8.2",
      "resolved": "https://registry.npmjs.org/optionator/-/optionator-0.8.2.tgz",
      "integrity": "sha1-NkxeQJ0/TWMB1sC0wFu6UBgK62Q=",
      "dev": true
    },
    "os-tmpdir": {
      "version": "1.0.2",
      "resolved": "https://registry.npmjs.org/os-tmpdir/-/os-tmpdir-1.0.2.tgz",
      "integrity": "sha1-u+Z0BseaqFxc/sdm/lc0VV36EnQ=",
      "dev": true
    },
    "path-is-inside": {
      "version": "1.0.2",
      "resolved": "https://registry.npmjs.org/path-is-inside/-/path-is-inside-1.0.2.tgz",
      "integrity": "sha1-NlQX3t5EQw0cEa9hAn+s8HS9/FM=",
      "dev": true
    },
    "postcss-loader": {
      "version": "2.0.6",
      "resolved": "https://registry.npmjs.org/postcss-loader/-/postcss-loader-2.0.6.tgz",
      "integrity": "sha512-HIq7yy1hh9KI472Y38iSRV4WupZUNy6zObkxQM/ZuInoaE2+PyX4NcO6jjP5HG5mXL7j5kcNEl0fAG4Kva7O9w==",
      "dev": true
    },
    "prop-types": {
      "version": "15.5.10",
      "resolved": "https://registry.npmjs.org/prop-types/-/prop-types-15.5.10.tgz",
      "integrity": "sha1-J5ffwxJhguOpXj37suiT3ddFYVQ="
    },
    "react": {
      "version": "15.6.1",
      "resolved": "https://registry.npmjs.org/react/-/react-15.6.1.tgz",
      "integrity": "sha1-uqhDTsZ4C96ZfNw4C3nNM7ljk98=",
      "dev": true
    },
    "react-dom": {
      "version": "15.6.1",
      "resolved": "https://registry.npmjs.org/react-dom/-/react-dom-15.6.1.tgz",
      "integrity": "sha1-LLDtQZEDjlPCCes6eaI+Kkz5lHA=",
      "dev": true
    },
    "react-hot-loader": {
      "version": "1.3.1",
      "resolved": "https://registry.npmjs.org/react-hot-loader/-/react-hot-loader-1.3.1.tgz",
      "integrity": "sha1-yVZHrni3Pfzv9uxx/8sEGC/22vk=",
      "dev": true,
      "dependencies": {
        "source-map": {
          "version": "0.4.4",
          "resolved": "https://registry.npmjs.org/source-map/-/source-map-0.4.4.tgz",
          "integrity": "sha1-66T12pwNyZneaAMti092FzZSA2s="
        }
      }
    },
    "react-router-dom": {
      "version": "4.1.1",
      "resolved": "https://registry.npmjs.org/react-router-dom/-/react-router-dom-4.1.1.tgz",
      "integrity": "sha1-MCGt4fLBYK+Xz5TiVZTF8pRYMCU=",
      "dev": true
    },
    "react-transition-group": {
      "version": "1.2.0",
      "resolved": "https://registry.npmjs.org/react-transition-group/-/react-transition-group-1.2.0.tgz",
      "integrity": "sha1-tR/JIbDDg1p+98Vxx5/ILHPpIE8="
    },
    "require-uncached": {
      "version": "1.0.3",
      "resolved": "https://registry.npmjs.org/require-uncached/-/require-uncached-1.0.3.tgz",
      "integrity": "sha1-Tg1W1slmL9MeQwEcS5WqSZVUIdM=",
      "dev": true
    },
    "run-sequence": {
      "version": "1.2.2",
      "resolved": "https://registry.npmjs.org/run-sequence/-/run-sequence-1.2.2.tgz",
      "integrity": "sha1-UJWgvr6YczsBQL0I3YDsAw3azes=",
      "dev": true
    },
    "rx-lite": {
      "version": "3.1.2",
      "resolved": "https://registry.npmjs.org/rx-lite/-/rx-lite-3.1.2.tgz",
      "integrity": "sha1-Gc5QLKVyZl87ZHsQk5+X/RYV8QI=",
      "dev": true
    },
    "rx-lite-aggregates": {
      "version": "4.0.8",
      "resolved": "https://registry.npmjs.org/rx-lite-aggregates/-/rx-lite-aggregates-4.0.8.tgz",
      "integrity": "sha1-dTuHqJoRyVRnxKwWJsTvxOBcZ74=",
      "dev": true,
      "requires": {
        "rx-lite": "*"
      }
    },
    "sass-loader": {
      "version": "6.0.6",
      "resolved": "https://registry.npmjs.org/sass-loader/-/sass-loader-6.0.6.tgz",
      "integrity": "sha512-c3/Zc+iW+qqDip6kXPYLEgsAu2lf4xz0EZDplB7EmSUMda12U1sGJPetH55B/j9eu0bTtKzKlNPWWyYC7wFNyQ==",
      "dev": true
    },
    "semver": {
      "version": "5.3.0",
      "resolved": "https://registry.npmjs.org/semver/-/semver-5.3.0.tgz",
      "integrity": "sha1-myzl094C0XxgEq0yaqa00M9U+U8=",
      "dev": true
    },
    "signal-exit": {
      "version": "3.0.2",
      "resolved": "https://registry.npmjs.org/signal-exit/-/signal-exit-3.0.2.tgz",
      "integrity": "sha1-tf3AjxKH6hF4Yo5BXiUTK3NkbG0=",
      "dev": true
    },
    "strip-json-comments": {
      "version": "2.0.1",
      "resolved": "https://registry.npmjs.org/strip-json-comments/-/strip-json-comments-2.0.1.tgz",
      "integrity": "sha1-PFMZQukIwml8DsNEhYwobHygpgo=",
      "dev": true
    },
    "style-loader": {
      "version": "0.18.2",
      "resolved": "https://registry.npmjs.org/style-loader/-/style-loader-0.18.2.tgz",
      "integrity": "sha512-WPpJPZGUxWYHWIUMNNOYqql7zh85zGmr84FdTVWq52WTIkqlW9xSxD3QYWi/T31cqn9UNSsietVEgGn2aaSCzw==",
      "dev": true
    },
    "text-table": {
      "version": "0.2.0",
      "resolved": "https://registry.npmjs.org/text-table/-/text-table-0.2.0.tgz",
      "integrity": "sha1-f17oI66AUgfACvLfSoTsP8+lcLQ=",
      "dev": true
    },
    "through": {
      "version": "2.3.8",
      "resolved": "https://registry.npmjs.org/through/-/through-2.3.8.tgz",
      "integrity": "sha1-DdTJ/6q8NXlgsbckEV1+Doai4fU=",
      "dev": true
    },
    "tmp": {
      "version": "0.0.33",
      "resolved": "https://registry.npmjs.org/tmp/-/tmp-0.0.33.tgz",
      "integrity": "sha512-jRCJlojKnZ3addtTOjdIqoRuPEKBvNXcGYqzO6zWZX8KfKEpnGY5jfggJQ3EjKuu8D4bJRr0y+cYJFmYbImXGw==",
      "dev": true,
      "requires": {
        "os-tmpdir": "~1.0.2"
      }
    },
    "webpack": {
      "version": "2.6.1",
      "resolved": "https://registry.npmjs.org/webpack/-/webpack-2.6.1.tgz",
      "integrity": "sha1-LgRX8KuxrF3zqxBsacZy8jZ4Xwc=",
      "dev": true,
      "dependencies": {
        "camelcase": {
          "version": "1.2.1",
          "resolved": "https://registry.npmjs.org/camelcase/-/camelcase-1.2.1.tgz",
          "integrity": "sha1-m7UwTS4LVmmLLHWLCKPqqdqlijk="
        },
        "cliui": {
          "version": "2.1.0",
          "resolved": "https://registry.npmjs.org/cliui/-/cliui-2.1.0.tgz",
          "integrity": "sha1-S0dXYP+AJkx2LDoXGQMukcf+oNE="
        },
        "load-json-file": {
          "version": "1.1.0",
          "resolved": "https://registry.npmjs.org/load-json-file/-/load-json-file-1.1.0.tgz",
          "integrity": "sha1-lWkFcI1YtLq0wiYbBPWfMcmTdMA="
        },
        "loader-utils": {
          "version": "0.2.17",
          "resolved": "https://registry.npmjs.org/loader-utils/-/loader-utils-0.2.17.tgz",
          "integrity": "sha1-+G5jdNQyBabmxg6RlvF8Apm/s0g="
        },
        "path-type": {
          "version": "1.1.0",
          "resolved": "https://registry.npmjs.org/path-type/-/path-type-1.1.0.tgz",
          "integrity": "sha1-WcRPfuSR2nBNpBXaWkBwuk+P5EE="
        },
        "pify": {
          "version": "2.3.0",
          "resolved": "https://registry.npmjs.org/pify/-/pify-2.3.0.tgz",
          "integrity": "sha1-7RQaasBDqEnqWISY59yosVMw6Qw="
        },
        "read-pkg": {
          "version": "1.1.0",
          "resolved": "https://registry.npmjs.org/read-pkg/-/read-pkg-1.1.0.tgz",
          "integrity": "sha1-9f+qXs0pyzHAR0vKfXVra7KePyg="
        },
        "read-pkg-up": {
          "version": "1.0.1",
          "resolved": "https://registry.npmjs.org/read-pkg-up/-/read-pkg-up-1.0.1.tgz",
          "integrity": "sha1-nWPBMnbAZZGNV/ACpX9AobZD+wI="
        },
        "source-list-map": {
          "version": "1.1.2",
          "resolved": "https://registry.npmjs.org/source-list-map/-/source-list-map-1.1.2.tgz",
          "integrity": "sha1-mIkBnRAkzOVc3AaUmDN+9hhqEaE="
        },
        "strip-bom": {
          "version": "2.0.0",
          "resolved": "https://registry.npmjs.org/strip-bom/-/strip-bom-2.0.0.tgz",
          "integrity": "sha1-YhmoVhZSBJHzV4i9vxRHqZx+aw4="
        },
        "uglify-js": {
          "version": "2.8.29",
          "resolved": "https://registry.npmjs.org/uglify-js/-/uglify-js-2.8.29.tgz",
          "integrity": "sha1-KcVzMUgFe7Th913zW3qcty5qWd0=",
          "dependencies": {
            "yargs": {
              "version": "3.10.0",
              "resolved": "https://registry.npmjs.org/yargs/-/yargs-3.10.0.tgz",
              "integrity": "sha1-9+572FfdfB0tOMDnTvvWgdFDH9E="
            }
          }
        },
        "webpack-sources": {
          "version": "0.2.3",
          "resolved": "https://registry.npmjs.org/webpack-sources/-/webpack-sources-0.2.3.tgz",
          "integrity": "sha1-F8Yr+vE8cH+dAsR54Nzd6DgGl/s="
        },
        "wordwrap": {
          "version": "0.0.2",
          "resolved": "https://registry.npmjs.org/wordwrap/-/wordwrap-0.0.2.tgz",
          "integrity": "sha1-t5Zpu0LstAn4PVg8rVLKF+qhZD8="
        },
        "yargs": {
          "version": "6.6.0",
          "resolved": "https://registry.npmjs.org/yargs/-/yargs-6.6.0.tgz",
          "integrity": "sha1-eC7CHvQDNF+DCoCMo9UTr1YGUgg=",
          "dependencies": {
            "camelcase": {
              "version": "3.0.0",
              "resolved": "https://registry.npmjs.org/camelcase/-/camelcase-3.0.0.tgz",
              "integrity": "sha1-MvxLn82vhF/N9+c7uXysImHwqwo="
            },
            "cliui": {
              "version": "3.2.0",
              "resolved": "https://registry.npmjs.org/cliui/-/cliui-3.2.0.tgz",
              "integrity": "sha1-EgYBU3qRbSmUD5NNo7SNWFo5IT0="
            }
          }
        },
        "yargs-parser": {
          "version": "4.2.1",
          "resolved": "https://registry.npmjs.org/yargs-parser/-/yargs-parser-4.2.1.tgz",
          "integrity": "sha1-KczqwNxPA8bIe0qfIX3RjJ90hxw=",
          "dependencies": {
            "camelcase": {
              "version": "3.0.0",
              "resolved": "https://registry.npmjs.org/camelcase/-/camelcase-3.0.0.tgz",
              "integrity": "sha1-MvxLn82vhF/N9+c7uXysImHwqwo="
            }
          }
        }
      }
    },
    "webpack-dev-middleware": {
      "version": "1.10.2",
      "resolved": "https://registry.npmjs.org/webpack-dev-middleware/-/webpack-dev-middleware-1.10.2.tgz",
      "integrity": "sha1-LiUs4d+wINvaHMs33ybzCrAU29E=",
      "dev": true
    },
    "webpack-hot-middleware": {
      "version": "2.18.0",
      "resolved": "https://registry.npmjs.org/webpack-hot-middleware/-/webpack-hot-middleware-2.18.0.tgz",
      "integrity": "sha1-oWu1Nbg6aslKeKxevOTzBZ6CdNM=",
      "dev": true
    },
    "webpack-stream": {
      "version": "3.2.0",
      "resolved": "https://registry.npmjs.org/webpack-stream/-/webpack-stream-3.2.0.tgz",
      "integrity": "sha1-Oh0WD7EdQXJ7fObzL3IkZPmLIYY=",
      "dev": true,
      "dependencies": {
        "acorn": {
          "version": "3.3.0",
          "resolved": "https://registry.npmjs.org/acorn/-/acorn-3.3.0.tgz",
          "integrity": "sha1-ReN/s56No/JbruP/U2niu18iAXo="
        },
        "async": {
          "version": "1.5.2",
          "resolved": "https://registry.npmjs.org/async/-/async-1.5.2.tgz",
          "integrity": "sha1-7GphrlZIDAw8skHJVhjiCJL5Zyo="
        },
        "browserify-aes": {
          "version": "0.4.0",
          "resolved": "https://registry.npmjs.org/browserify-aes/-/browserify-aes-0.4.0.tgz",
          "integrity": "sha1-BnFJtmjfMcS1hTPgLQHoBthgjiw="
        },
        "camelcase": {
          "version": "1.2.1",
          "resolved": "https://registry.npmjs.org/camelcase/-/camelcase-1.2.1.tgz",
          "integrity": "sha1-m7UwTS4LVmmLLHWLCKPqqdqlijk="
        },
        "cliui": {
          "version": "2.1.0",
          "resolved": "https://registry.npmjs.org/cliui/-/cliui-2.1.0.tgz",
          "integrity": "sha1-S0dXYP+AJkx2LDoXGQMukcf+oNE="
        },
        "crypto-browserify": {
          "version": "3.3.0",
          "resolved": "https://registry.npmjs.org/crypto-browserify/-/crypto-browserify-3.3.0.tgz",
          "integrity": "sha1-ufx1u0oO1h3PHNXa6W6zDJw+UGw="
        },
        "enhanced-resolve": {
          "version": "0.9.1",
          "resolved": "https://registry.npmjs.org/enhanced-resolve/-/enhanced-resolve-0.9.1.tgz",
          "integrity": "sha1-TW5omzcl+GCQknzMhs2fFjW4ni4=",
          "dependencies": {
            "memory-fs": {
              "version": "0.2.0",
              "resolved": "https://registry.npmjs.org/memory-fs/-/memory-fs-0.2.0.tgz",
              "integrity": "sha1-8rslNovBIeORwlIN6Slpyu4KApA="
            }
          }
        },
        "interpret": {
          "version": "0.6.6",
          "resolved": "https://registry.npmjs.org/interpret/-/interpret-0.6.6.tgz",
          "integrity": "sha1-/s16GOfOXKar+5U+H4YhOknxYls="
        },
        "loader-utils": {
          "version": "0.2.17",
          "resolved": "https://registry.npmjs.org/loader-utils/-/loader-utils-0.2.17.tgz",
          "integrity": "sha1-+G5jdNQyBabmxg6RlvF8Apm/s0g="
        },
        "memory-fs": {
          "version": "0.3.0",
          "resolved": "https://registry.npmjs.org/memory-fs/-/memory-fs-0.3.0.tgz",
          "integrity": "sha1-e8xrYp46Q+hx1+Kaymrop/FcuyA="
        },
        "node-libs-browser": {
          "version": "0.7.0",
          "resolved": "https://registry.npmjs.org/node-libs-browser/-/node-libs-browser-0.7.0.tgz",
          "integrity": "sha1-PicsCBnjCJNeJmdECNevDhSRuDs="
        },
        "ripemd160": {
          "version": "0.2.0",
          "resolved": "https://registry.npmjs.org/ripemd160/-/ripemd160-0.2.0.tgz",
          "integrity": "sha1-K/GYveFnys+lHAqSjoS2i74XH84="
        },
        "sha.js": {
          "version": "2.2.6",
          "resolved": "https://registry.npmjs.org/sha.js/-/sha.js-2.2.6.tgz",
          "integrity": "sha1-F93t3F9yL7ZlAWWIlUYZd4ZzFbo="
        },
        "string_decoder": {
          "version": "0.10.31",
          "resolved": "https://registry.npmjs.org/string_decoder/-/string_decoder-0.10.31.tgz",
          "integrity": "sha1-YuIDvEF2bGwoyfyEMB2rHFMQ+pQ="
        },
        "tapable": {
          "version": "0.1.10",
          "resolved": "https://registry.npmjs.org/tapable/-/tapable-0.1.10.tgz",
          "integrity": "sha1-KcNXB8K3DlDQdIK10gLo7URtr9Q="
        },
        "uglify-js": {
          "version": "2.7.5",
          "resolved": "https://registry.npmjs.org/uglify-js/-/uglify-js-2.7.5.tgz",
          "integrity": "sha1-RhLAx7qu4rp8SH3kkErhIgefLKg=",
          "dependencies": {
            "async": {
              "version": "0.2.10",
              "resolved": "https://registry.npmjs.org/async/-/async-0.2.10.tgz",
              "integrity": "sha1-trvgsGdLnXGXCMo43owjfLUmw9E="
            }
          }
        },
        "vinyl": {
          "version": "1.2.0",
          "resolved": "https://registry.npmjs.org/vinyl/-/vinyl-1.2.0.tgz",
          "integrity": "sha1-XIgDbPVl5d8FVYv8kR+GVt8hiIQ="
        },
        "watchpack": {
          "version": "0.2.9",
          "resolved": "https://registry.npmjs.org/watchpack/-/watchpack-0.2.9.tgz",
          "integrity": "sha1-Yuqkq15bo1/fwBgnVibjwPXj+ws=",
          "dependencies": {
            "async": {
              "version": "0.9.2",
              "resolved": "https://registry.npmjs.org/async/-/async-0.9.2.tgz",
              "integrity": "sha1-rqdNXmHB+JlhO/ZL2mbUx48v0X0="
            }
          }
        },
        "webpack": {
          "version": "1.15.0",
          "resolved": "https://registry.npmjs.org/webpack/-/webpack-1.15.0.tgz",
          "integrity": "sha1-T/MfU9sDM55VFkqdRo7gMklo/pg="
        },
        "wordwrap": {
          "version": "0.0.2",
          "resolved": "https://registry.npmjs.org/wordwrap/-/wordwrap-0.0.2.tgz",
          "integrity": "sha1-t5Zpu0LstAn4PVg8rVLKF+qhZD8="
        },
        "yargs": {
          "version": "3.10.0",
          "resolved": "https://registry.npmjs.org/yargs/-/yargs-3.10.0.tgz",
          "integrity": "sha1-9+572FfdfB0tOMDnTvvWgdFDH9E="
        }
      }
    }
  }
}
